
Microsoft Visual Studio Solution File, Format Version 12.00
# Visual Studio Version 17
VisualStudioVersion = 17.4.33103.184
MinimumVisualStudioVersion = 10.0.40219.1
Project("{9A19103F-16F7-4668-BE54-9A1E7A4F7556}") = "HCOUserInfo", "HCOUserInfo\HCOUserInfo.csproj", "{31A2E21B-997F-4CC8-B39B-D0ACF2BC8FA9}"
EndProject
Project("{FAE04EC0-301F-11D3-BF4B-00C04F79EFBC}") = "HCOUserInfoTest", "HCOUserInfoTest\HCOUserInfoTest.csproj", "{C8B314B9-2B63-4130-BC55-81A460B76359}"
EndProject
Global
	GlobalSection(SolutionConfigurationPlatforms) = preSolution
		Debug|Any CPU = Debug|Any CPU
		Release|Any CPU = Release|Any CPU
	EndGlobalSection
	GlobalSection(ProjectConfigurationPlatforms) = postSolution
		{31A2E21B-997F-4CC8-B39B-D0ACF2BC8FA9}.Debug|Any CPU.ActiveCfg = Debug|Any CPU
		{31A2E21B-997F-4CC8-B39B-D0ACF2BC8FA9}.Debug|Any CPU.Build.0 = Debug|Any CPU
		{31A2E21B-997F-4CC8-B39B-D0ACF2BC8FA9}.Release|Any CPU.ActiveCfg = Release|Any CPU
		{31A2E21B-997F-4CC8-B39B-D0ACF2BC8FA9}.Release|Any CPU.Build.0 = Release|Any CPU
		{C8B314B9-2B63-4130-BC55-81A460B76359}.Debug|Any CPU.ActiveCfg = Debug|Any CPU
		{C8B314B9-2B63-4130-BC55-81A460B76359}.Debug|Any CPU.Build.0 = Debug|Any CPU
		{C8B314B9-2B63-4130-BC55-81A460B76359}.Release|Any CPU.ActiveCfg = Release|Any CPU
		{C8B314B9-2B63-4130-BC55-81A460B76359}.Release|Any CPU.Build.0 = Release|Any CPU
	EndGlobalSection
	GlobalSection(SolutionProperties) = preSolution
		HideSolutionNode = FALSE
	EndGlobalSection
	GlobalSection(ExtensibilityGlobals) = postSolution
		SolutionGuid = {591C98E4-BFE4-4291-AF5A-D28D7B632617}
	EndGlobalSection
EndGlobal
